
Microsoft Visual Studio Solution File, Format Version 12.00
# Visual Studio Version 16
VisualStudioVersion = 16.0.30011.22
MinimumVisualStudioVersion = 10.0.40219.1
Project("{FAE04EC0-301F-11D3-BF4B-00C04F79EFBC}") = "Web.MyFirstCoreApp", "Web.MyFirstCoreApp\Web.MyFirstCoreApp.csproj", "{3386C286-5F47-4DBD-A3ED-CA6C9F45CADD}"
EndProject
Global
	GlobalSection(SolutionConfigurationPlatforms) = preSolution
		Debug|Any CPU = Debug|Any CPU
		Release|Any CPU = Release|Any CPU
	EndGlobalSection
	GlobalSection(ProjectConfigurationPlatforms) = postSolution
		{3386C286-5F47-4DBD-A3ED-CA6C9F45CADD}.Debug|Any CPU.ActiveCfg = Debug|Any CPU
		{3386C286-5F47-4DBD-A3ED-CA6C9F45CADD}.Debug|Any CPU.Build.0 = Debug|Any CPU
		{3386C286-5F47-4DBD-A3ED-CA6C9F45CADD}.Release|Any CPU.ActiveCfg = Release|Any CPU
		{3386C286-5F47-4DBD-A3ED-CA6C9F45CADD}.Release|Any CPU.Build.0 = Release|Any CPU
	EndGlobalSection
	GlobalSection(SolutionProperties) = preSolution
		HideSolutionNode = FALSE
	EndGlobalSection
	GlobalSection(ExtensibilityGlobals) = postSolution
		SolutionGuid = {430C7ABC-6699-483C-9B08-F0AE1AA63245}
	EndGlobalSection
EndGlobal
